github.com/gethugothemes/hugo-modules/accordion v0.0.0-20231128022238-01f05014fce9 h1:j0sJRSXl5I0Rggdb6YlWECB5x1r5f3f/O3HjCuGJ/xs=
github.com/gethugothemes/hugo-modules/accordion v0.0.0-20231128022238-01f05014fce9/go.mod h1:D4DpauKPDcUHI9CVKYmJeO6bkSJIhUN864TyXZ2o0VI=
github.com/gethugothemes/hugo-modules/adsense v0.0.0-20231128022238-01f05014fce9 h1:T8nUN/gGZb9kVUhRtqQrbgQcazZQFI7Mg2BM3qqqJzY=
github.com/gethugothemes/hugo-modules/adsense v0.0.0-20231128022238-01f05014fce9/go.mod h1:8p/gG/cyyu20z4q5cFN/JGE5TOFA55Xsp+aIP9KCsqo=
github.com/gethugothemes/hugo-modules/components/cookie-consent v0.0.0-20231128022238-01f05014fce9 h1:xn0pED4aLZLgRnxjF+orGAYE7/WpTjMUBfJrLz0XrSw=
github.com/gethugothemes/hugo-modules/components/cookie-consent v0.0.0-20231128022238-01f05014fce9/go.mod h1:511ERLpGe3ZTfV2z/NAtUSR5NqKF26h9z5lU/zYV4YQ=
github.com/gethugothemes/hugo-modules/components/custom-script v0.0.0-20231128022238-01f05014fce9 h1:AvF9dhfif4iXiRifRvuATMLV4O4nXOSPXEji5DWqir4=
github.com/gethugothemes/hugo-modules/components/custom-script v0.0.0-20231128022238-01f05014fce9/go.mod h1:RuDHq4WnK8sNEzAIJr4BZQ7oXhzcct/EKaAxc2Xvi9E=
github.com/gethugothemes/hugo-modules/components/preloader v0.0.0-20231128022238-01f05014fce9 h1:04NcV0nekca7KT/ChfGpzxpz5moBiwE/Zm3y9IzC+Y4=
github.com/gethugothemes/hugo-modules/components/preloader v0.0.0-20231128022238-01f05014fce9/go.mod h1:FP0iQ3tMOesuWFZhLst2KEvUEYPb5Jk1GW+QBP9lrwg=
github.com/gethugothemes/hugo-modules/components/render-link v0.0.0-20231128022238-01f05014fce9 h1:hFaxD4e9cRSgqf2lEHxcL9cBpW4JW4x5Z6qaCfXrF6s=
github.com/gethugothemes/hugo-modules/components/render-link v0.0.0-20231128022238-01f05014fce9/go.mod h1:z3YcIeEBUonAoRDY1/Jv1ojNVkZ5ud35a0Nn8L4Inx0=
github.com/gethugothemes/hugo-modules/components/social-share v0.0.0-20231128022238-01f05014fce9 h1:IPqZkbuwHhfRsIJCXNz5f9qCRtnJdaiJAJdhd1+CLNQ=
github.com/gethugothemes/hugo-modules/components/social-share v0.0.0-20231128022238-01f05014fce9/go.mod h1:Gcj4RM/EBECsJMZnPeWjfy/1roRYGqzV9GYNmeHkvFA=
github.com/gethugothemes/hugo-modules/gallery-slider v0.0.0-20231128022238-01f05014fce9 h1:NlJRO0z4+DjtnPMEKOjFQgqim4mN28ujnYJsSapIw0g=
github.com/gethugothemes/hugo-modules/gallery-slider v0.0.0-20231128022238-01f05014fce9/go.mod h1:MvQ2js/ofZ22CTX5wuvE+dC0rMe6C5HAWL2fEOu/yzE=
github.com/gethugothemes/hugo-modules/gzip-caching v0.0.0-20231128022238-01f05014fce9 h1:2evFVaNYJZbxfwmfRqdy2Q055/aJDw6iZdzP82dj8BA=
github.com/gethugothemes/hugo-modules/gzip-caching v0.0.0-20231128022238-01f05014fce9/go.mod h1:0ZMjTZVG4XLZU2/icc8Saqo4mmgMpfRTrUZU2Aa2Pwg=
github.com/gethugothemes/hugo-modules/icons/font-awesome v0.0.0-20231128022238-01f05014fce9 h1:o4UpBNj6DvSqYFWkkKbYRldPXZ9hI0lX4+eA37m12RQ=
github.com/gethugothemes/hugo-modules/icons/font-awesome v0.0.0-20231128022238-01f05014fce9/go.mod h1:d3gy1vQyfasPmGpau7HpQLrXbOv23PfXclSnjyOBxeU=
github.com/gethugothemes/hugo-modules/images v0.0.0-20231128022238-01f05014fce9 h1:wNqRHOUBv4j0K4feaOdpryyZQlm6r80VN9cQ9VYJkQo=
github.com/gethugothemes/hugo-modules/images v0.0.0-20231128022238-01f05014fce9/go.mod h1:FKliP3qOW9diIcQeLtyZ0Hdhg3PL8bdAkC/6O+XtU90=
github.com/gethugothemes/hugo-modules/modal v0.0.0-20231128022238-01f05014fce9 h1:UDAU1dIWNiML9KfJTVNRpfeG0V6NxeDpumJe8WXvDVE=
github.com/gethugothemes/hugo-modules/modal v0.0.0-20231128022238-01f05014fce9/go.mod h1:Eb9v7oV6biymfvjcBhQdvgn0gUGYhUtfCMeOBLFpFsk=
github.com/gethugothemes/hugo-modules/pwa v0.0.0-20231128022238-01f05014fce9 h1:UwYuCAyi4kC8JHxisiG7Pcj0VH7HkQJuhPD/nw9f2pA=
github.com/gethugothemes/hugo-modules/pwa v0.0.0-20231128022238-01f05014fce9/go.mod h1:TRv7iszdfo37O1PbBEE+S8X/enAdpRIxK5DGrp13Qbo=
github.com/gethugothemes/hugo-modules/search v0.0.0-20231128022238-01f05014fce9 h1:bZQALwqwrFxWa5bxXhyM0RadJr/OUtnDK4gljZlns78=
github.com/gethugothemes/hugo-modules/search v0.0.0-20231128022238-01f05014fce9/go.mod h1:tmDvLaZCM+QDvS/WLZXNjY1QTdWh7/68D2wIToECbyA=
github.com/gethugothemes/hugo-modules/seo-tools/basic-seo v0.0.0-20231128022238-01f05014fce9 h1:v/GRe9b0Vf2YN7wlSYZQqmcNbtYltj5AbWtNk05Vy88=
github.com/gethugothemes/hugo-modules/seo-tools/basic-seo v0.0.0-20231128022238-01f05014fce9/go.mod h1:Q8dPgjamV7pxwKSQyWV21Xwh5CGi23/k+M8HPTphYbs=
github.com/gethugothemes/hugo-modules/seo-tools/google-tag-manager v0.0.0-20231128022238-01f05014fce9 h1:2albMMe1nfOkEdAzvG/hxtGt6l2JgaxAWSBL1MXubBA=
github.com/gethugothemes/hugo-modules/seo-tools/google-tag-manager v0.0.0-20231128022238-01f05014fce9/go.mod h1:cCq50yd55eFTrpqOfeyOK5X0hU5E7qxsqOD7IzTsgLA=
github.com/gethugothemes/hugo-modules/seo-tools/site-verifications v0.0.0-20231128022238-01f05014fce9 h1:ZLhAtS+RI6Hi8kvc96nTq8zovRDuRhCRvfKz4qhwe5U=
github.com/gethugothemes/hugo-modules/seo-tools/site-verifications v0.0.0-20231128022238-01f05014fce9/go.mod h1:iXielaya126qJscz7Bc2G2WB91moloQOoWru6UoBUyE=
github.com/gethugothemes/hugo-modules/shortcodes/button v0.0.0-20231128022238-01f05014fce9 h1:mKLP9iM4VJa7RV6yaLrd1rDMYYcSDYRCAEFxmh3udXY=
github.com/gethugothemes/hugo-modules/shortcodes/button v0.0.0-20231128022238-01f05014fce9/go.mod h1:MSvxGvjvcGUKTs6YMATU/9kYFrzW+VSVdy4CCOQLdsY=
github.com/gethugothemes/hugo-modules/shortcodes/notice v0.0.0-20231128022238-01f05014fce9 h1:yktuEQvitVsetNNryizTQmuvaZyeauCJhuNrnIl1gDw=
github.com/gethugothemes/hugo-modules/shortcodes/notice v0.0.0-20231128022238-01f05014fce9/go.mod h1:ljWyMJx82WA+6SlKjbGFhEdxcriyvUTCjXkJHDa4lho=
github.com/gethugothemes/hugo-modules/tab v0.0.0-20231128022238-01f05014fce9 h1:NnlEny1TcM0D8E+dXOILRnkBQfIR2O4SpKTKQGjdma4=
github.com/gethugothemes/hugo-modules/tab v0.0.0-20231128022238-01f05014fce9/go.mod h1:h3UxlxrFoU19JldxWLPBKaTZFe3AJtABrqo1wfxr+Ng=
github.com/gethugothemes/hugo-modules/table-of-contents v0.0.0-20231128022238-01f05014fce9 h1:Zz4JkMADX69J2cHTaTVjfdgL+bnYIRRdbdAnzjgL5pM=
github.com/gethugothemes/hugo-modules/table-of-contents v0.0.0-20231128022238-01f05014fce9/go.mod h1:bEDw4veccQQQYEdVrfu13ATRUWfW8ptDIjJZuhYh4Tw=
github.com/gethugothemes/hugo-modules/videos v0.0.0-20231128022238-01f05014fce9 h1:f4bV/G2wqZdd7BVY7NXCMCkRrepw/vAaB3uEnT4BUSk=
github.com/gethugothemes/hugo-modules/videos v0.0.0-20231128022238-01f05014fce9/go.mod h1:P722lLWdnNhdZVq6gvMrOLqECUwrAYQWaOWlChta5H0=
github.com/zeon-studio/hugoplate v0.0.0-20231125045751-12ca525a1589 h1:o7Qz4DEcH3CCjtzkQ0gWycwgRs6unjf0so85Esc64Mg=
github.com/zeon-studio/hugoplate v0.0.0-20231125045751-12ca525a1589/go.mod h1:YlRIwdTWidquf1dhtx+mDfu0I3KVrVQB4wi4UmHlK3E=
